
Microsoft Visual Studio Solution File, Format Version 12.00
# Visual Studio Version 16
VisualStudioVersion = 16.0.31624.102
MinimumVisualStudioVersion = 10.0.40219.1
Project("{8BC9CEB8-8B4A-11D0-8D11-00A0C91BC942}") = "MineSweeper", "Project3.vcxproj", "{1DE1A20F-8FCD-492D-8235-C7E2055A8EBD}"
EndProject
Project("{54435603-DBB4-11D2-8724-00A0C9A8B90C}") = "Game Installer", "..\Setup1\Setup1.vdproj", "{1B5E25AC-1E36-4558-B807-E54701BE55F3}"
EndProject
Global
	GlobalSection(SolutionConfigurationPlatforms) = preSolution
		Debug|x64 = Debug|x64
		Debug|x86 = Debug|x86
		Release|x64 = Release|x64
		Release|x86 = Release|x86
	EndGlobalSection
	GlobalSection(ProjectConfigurationPlatforms) = postSolution
		{1DE1A20F-8FCD-492D-8235-C7E2055A8EBD}.Debug|x64.ActiveCfg = Debug|x64
		{1DE1A20F-8FCD-492D-8235-C7E2055A8EBD}.Debug|x64.Build.0 = Debug|x64
		{1DE1A20F-8FCD-492D-8235-C7E2055A8EBD}.Debug|x86.ActiveCfg = Debug|Win32
		{1DE1A20F-8FCD-492D-8235-C7E2055A8EBD}.Debug|x86.Build.0 = Debug|Win32
		{1DE1A20F-8FCD-492D-8235-C7E2055A8EBD}.Release|x64.ActiveCfg = Release|x64
		{1DE1A20F-8FCD-492D-8235-C7E2055A8EBD}.Release|x64.Build.0 = Release|x64
		{1DE1A20F-8FCD-492D-8235-C7E2055A8EBD}.Release|x86.ActiveCfg = Release|Win32
		{1DE1A20F-8FCD-492D-8235-C7E2055A8EBD}.Release|x86.Build.0 = Release|Win32
		{1B5E25AC-1E36-4558-B807-E54701BE55F3}.Debug|x64.ActiveCfg = Debug
		{1B5E25AC-1E36-4558-B807-E54701BE55F3}.Debug|x86.ActiveCfg = Debug
		{1B5E25AC-1E36-4558-B807-E54701BE55F3}.Debug|x86.Build.0 = Debug
		{1B5E25AC-1E36-4558-B807-E54701BE55F3}.Release|x64.ActiveCfg = Release
		{1B5E25AC-1E36-4558-B807-E54701BE55F3}.Release|x86.ActiveCfg = Release
	EndGlobalSection
	GlobalSection(SolutionProperties) = preSolution
		HideSolutionNode = FALSE
	EndGlobalSection
	GlobalSection(ExtensibilityGlobals) = postSolution
		SolutionGuid = {ED4788F6-7E7E-4E3A-9C75-73CCE0E52A76}
	EndGlobalSection
EndGlobal
